
Microsoft Visual Studio Solution File, Format Version 12.00
# Visual Studio 2013
VisualStudioVersion = 12.0.30501.0
MinimumVisualStudioVersion = 10.0.40219.1
Project("{FAE04EC0-301F-11D3-BF4B-00C04F79EFBC}") = "Confudge.Tests", "Confudge.Tests\Confudge.Tests.csproj", "{3D9A72CA-7000-45DF-9805-C30114BF9A33}"
EndProject
Project("{FAE04EC0-301F-11D3-BF4B-00C04F79EFBC}") = "Confudge", "Confudge\Confudge.csproj", "{69ED1BFA-35CA-4A8E-8549-514B5A25614C}"
EndProject
Project("{FAE04EC0-301F-11D3-BF4B-00C04F79EFBC}") = "Confudge.SampleConsoleApp", "Confudge.SampleConsoleApp\Confudge.SampleConsoleApp.csproj", "{69D16EF2-6520-451D-BE8E-1D931E4D0BDF}"
EndProject
Project("{FAE04EC0-301F-11D3-BF4B-00C04F79EFBC}") = "Confudge.Packer", "Confudge.Packer\Confudge.Packer.csproj", "{0451BAEF-DF2E-4B98-8644-94EE9415E389}"
	ProjectSection(ProjectDependencies) = postProject
		{69ED1BFA-35CA-4A8E-8549-514B5A25614C} = {69ED1BFA-35CA-4A8E-8549-514B5A25614C}
	EndProjectSection
EndProject
Global
	GlobalSection(SolutionConfigurationPlatforms) = preSolution
		Debug|Any CPU = Debug|Any CPU
		Release|Any CPU = Release|Any CPU
	EndGlobalSection
	GlobalSection(ProjectConfigurationPlatforms) = postSolution
		{3D9A72CA-7000-45DF-9805-C30114BF9A33}.Debug|Any CPU.ActiveCfg = Debug|Any CPU
		{3D9A72CA-7000-45DF-9805-C30114BF9A33}.Debug|Any CPU.Build.0 = Debug|Any CPU
		{3D9A72CA-7000-45DF-9805-C30114BF9A33}.Release|Any CPU.ActiveCfg = Release|Any CPU
		{3D9A72CA-7000-45DF-9805-C30114BF9A33}.Release|Any CPU.Build.0 = Release|Any CPU
		{69ED1BFA-35CA-4A8E-8549-514B5A25614C}.Debug|Any CPU.ActiveCfg = Debug|Any CPU
		{69ED1BFA-35CA-4A8E-8549-514B5A25614C}.Debug|Any CPU.Build.0 = Debug|Any CPU
		{69ED1BFA-35CA-4A8E-8549-514B5A25614C}.Release|Any CPU.ActiveCfg = Release|Any CPU
		{69ED1BFA-35CA-4A8E-8549-514B5A25614C}.Release|Any CPU.Build.0 = Release|Any CPU
		{69D16EF2-6520-451D-BE8E-1D931E4D0BDF}.Debug|Any CPU.ActiveCfg = Debug|Any CPU
		{69D16EF2-6520-451D-BE8E-1D931E4D0BDF}.Debug|Any CPU.Build.0 = Debug|Any CPU
		{69D16EF2-6520-451D-BE8E-1D931E4D0BDF}.Release|Any CPU.ActiveCfg = Release|Any CPU
		{69D16EF2-6520-451D-BE8E-1D931E4D0BDF}.Release|Any CPU.Build.0 = Release|Any CPU
		{0451BAEF-DF2E-4B98-8644-94EE9415E389}.Debug|Any CPU.ActiveCfg = Debug|Any CPU
		{0451BAEF-DF2E-4B98-8644-94EE9415E389}.Debug|Any CPU.Build.0 = Debug|Any CPU
		{0451BAEF-DF2E-4B98-8644-94EE9415E389}.Release|Any CPU.ActiveCfg = Release|Any CPU
		{0451BAEF-DF2E-4B98-8644-94EE9415E389}.Release|Any CPU.Build.0 = Release|Any CPU
	EndGlobalSection
	GlobalSection(SolutionProperties) = preSolution
		HideSolutionNode = FALSE
	EndGlobalSection
EndGlobal
